
Microsoft Visual Studio Solution File, Format Version 12.00
# Visual Studio Version 16
VisualStudioVersion = 16.0.30225.117
MinimumVisualStudioVersion = 10.0.40219.1
Project("{FAE04EC0-301F-11D3-BF4B-00C04F79EFBC}") = "Solucao.Curso.Entity.Core", "Solucao.Curso.Entity.Core\Solucao.Curso.Entity.Core.csproj", "{7F388586-F88F-4D18-9100-2E8846206FE8}"
EndProject
Global
	GlobalSection(SolutionConfigurationPlatforms) = preSolution
		Debug|Any CPU = Debug|Any CPU
		Release|Any CPU = Release|Any CPU
	EndGlobalSection
	GlobalSection(ProjectConfigurationPlatforms) = postSolution
		{7F388586-F88F-4D18-9100-2E8846206FE8}.Debug|Any CPU.ActiveCfg = Debug|Any CPU
		{7F388586-F88F-4D18-9100-2E8846206FE8}.Debug|Any CPU.Build.0 = Debug|Any CPU
		{7F388586-F88F-4D18-9100-2E8846206FE8}.Release|Any CPU.ActiveCfg = Release|Any CPU
		{7F388586-F88F-4D18-9100-2E8846206FE8}.Release|Any CPU.Build.0 = Release|Any CPU
	EndGlobalSection
	GlobalSection(SolutionProperties) = preSolution
		HideSolutionNode = FALSE
	EndGlobalSection
	GlobalSection(ExtensibilityGlobals) = postSolution
		SolutionGuid = {C13DAB32-7783-46DA-BC6B-573E0C6AB568}
	EndGlobalSection
EndGlobal
